
Microsoft Visual Studio Solution File, Format Version 12.00
# Visual Studio 14
VisualStudioVersion = 14.0.23107.0
MinimumVisualStudioVersion = 10.0.40219.1
Project("{FAE04EC0-301F-11D3-BF4B-00C04F79EFBC}") = "Library", "Library\Library.csproj", "{E2B56C6C-99EC-4C04-B1F4-AB7E6EF8C311}"
EndProject
Project("{FAE04EC0-301F-11D3-BF4B-00C04F79EFBC}") = "TestLibrary", "Tests\TestLibrary\TestLibrary.csproj", "{6CDD3B6E-7ED4-4E85-A055-37A421542AC0}"
EndProject
Global
	GlobalSection(SolutionConfigurationPlatforms) = preSolution
		Debug|Any CPU = Debug|Any CPU
		Release|Any CPU = Release|Any CPU
	EndGlobalSection
	GlobalSection(ProjectConfigurationPlatforms) = postSolution
		{E2B56C6C-99EC-4C04-B1F4-AB7E6EF8C311}.Debug|Any CPU.ActiveCfg = Debug|Any CPU
		{E2B56C6C-99EC-4C04-B1F4-AB7E6EF8C311}.Debug|Any CPU.Build.0 = Debug|Any CPU
		{E2B56C6C-99EC-4C04-B1F4-AB7E6EF8C311}.Release|Any CPU.ActiveCfg = Release|Any CPU
		{E2B56C6C-99EC-4C04-B1F4-AB7E6EF8C311}.Release|Any CPU.Build.0 = Release|Any CPU
		{6CDD3B6E-7ED4-4E85-A055-37A421542AC0}.Debug|Any CPU.ActiveCfg = Debug|Any CPU
		{6CDD3B6E-7ED4-4E85-A055-37A421542AC0}.Debug|Any CPU.Build.0 = Debug|Any CPU
		{6CDD3B6E-7ED4-4E85-A055-37A421542AC0}.Release|Any CPU.ActiveCfg = Release|Any CPU
		{6CDD3B6E-7ED4-4E85-A055-37A421542AC0}.Release|Any CPU.Build.0 = Release|Any CPU
	EndGlobalSection
	GlobalSection(SolutionProperties) = preSolution
		HideSolutionNode = FALSE
	EndGlobalSection
EndGlobal
